// !$*UTF8*$!
{
	archiveVersion = 1;
	classes = {
	};
	objectVersion = 46;
	objects = {

/* Begin PBXBuildFile section */
		FB03B64C1EAE93F100954A00 /* OrderedDictionary.m in Sources */ = {isa = PBXBuildFile; fileRef = FB03B64B1EAE93F100954A00 /* OrderedDictionary.m */; };
		FB03B64F1EAEA81700954A00 /* BMData.m in Sources */ = {isa = PBXBuildFile; fileRef = FB03B64E1EAEA81700954A00 /* BMData.m */; };
		FB03B6521EAF782700954A00 /* Device.m in Sources */ = {isa = PBXBuildFile; fileRef = FB03B6511EAF782700954A00 /* Device.m */; };
		FB03B6551EAF785E00954A00 /* Hive.m in Sources */ = {isa = PBXBuildFile; fileRef = FB03B6541EAF785E00954A00 /* Hive.m */; };
		FB03B6581EAF786800954A00 /* Apiary.m in Sources */ = {isa = PBXBuildFile; fileRef = FB03B6571EAF786800954A00 /* Apiary.m */; };
		FB03B65A1EAF78EB00954A00 /* CoreLocation.framework in Frameworks */ = {isa = PBXBuildFile; fileRef = FB03B6591EAF78EB00954A00 /* CoreLocation.framework */; };
		FB03B65D1EAF80F600954A00 /* LocationMGR.m in Sources */ = {isa = PBXBuildFile; fileRef = FB03B65C1EAF80F600954A00 /* LocationMGR.m */; };
		FB3B59EF1EAE5EAC00DFE11A /* main.m in Sources */ = {isa = PBXBuildFile; fileRef = FB3B59EE1EAE5EAC00DFE11A /* main.m */; };
		FB3B59F21EAE5EAC00DFE11A /* AppDelegate.m in Sources */ = {isa = PBXBuildFile; fileRef = FB3B59F11EAE5EAC00DFE11A /* AppDelegate.m */; };
		FB3B59F51EAE5EAC00DFE11A /* DevicesVC.m in Sources */ = {isa = PBXBuildFile; fileRef = FB3B59F41EAE5EAC00DFE11A /* DevicesVC.m */; };
		FB3B59FD1EAE5EAC00DFE11A /* Assets.xcassets in Resources */ = {isa = PBXBuildFile; fileRef = FB3B59FC1EAE5EAC00DFE11A /* Assets.xcassets */; };
		FB3B5A0A1EAE706500DFE11A /* BlueToothMGR.m in Sources */ = {isa = PBXBuildFile; fileRef = FB3B5A091EAE706500DFE11A /* BlueToothMGR.m */; };
		FB3B5A0D1EAE71E800DFE11A /* CoreBluetooth.framework in Frameworks */ = {isa = PBXBuildFile; fileRef = FB3B5A0C1EAE71E800DFE11A /* CoreBluetooth.framework */; };
		FB5CA0501F35051C00AADEBD /* DeviceVC.m in Sources */ = {isa = PBXBuildFile; fileRef = FB5CA04F1F35051C00AADEBD /* DeviceVC.m */; };
		FB7394741EB6353200B8D289 /* Log.m in Sources */ = {isa = PBXBuildFile; fileRef = FB7394731EB6353200B8D289 /* Log.m */; };
		FB7394771EC09B1A00B8D289 /* UICircularProgressView.m in Sources */ = {isa = PBXBuildFile; fileRef = FB7394761EC09B1A00B8D289 /* UICircularProgressView.m */; };
		FBA7A5A71EB0DBE900E78BDD /* Observation.m in Sources */ = {isa = PBXBuildFile; fileRef = FBA7A5A61EB0DBE900E78BDD /* Observation.m */; };
		FBA7A5AA1EB2296400E78BDD /* Export.m in Sources */ = {isa = PBXBuildFile; fileRef = FBA7A5A91EB2296400E78BDD /* Export.m */; };
		FBA7A5AD1EB236FB00E78BDD /* SendMail.m in Sources */ = {isa = PBXBuildFile; fileRef = FBA7A5AC1EB236FB00E78BDD /* SendMail.m */; };
/* End PBXBuildFile section */

/* Begin PBXFileReference section */
		FB03B64A1EAE93F100954A00 /* OrderedDictionary.h */ = {isa = PBXFileReference; fileEncoding = 4; lastKnownFileType = sourcecode.c.h; path = OrderedDictionary.h; sourceTree = "<group>"; };
		FB03B64B1EAE93F100954A00 /* OrderedDictionary.m */ = {isa = PBXFileReference; fileEncoding = 4; lastKnownFileType = sourcecode.c.objc; path = OrderedDictionary.m; sourceTree = "<group>"; };
		FB03B64D1EAEA81700954A00 /* BMData.h */ = {isa = PBXFileReference; fileEncoding = 4; lastKnownFileType = sourcecode.c.h; path = BMData.h; sourceTree = "<group>"; };
		FB03B64E1EAEA81700954A00 /* BMData.m */ = {isa = PBXFileReference; fileEncoding = 4; lastKnownFileType = sourcecode.c.objc; path = BMData.m; sourceTree = "<group>"; };
		FB03B6501EAF782700954A00 /* Device.h */ = {isa = PBXFileReference; fileEncoding = 4; lastKnownFileType = sourcecode.c.h; path = Device.h; sourceTree = "<group>"; };
		FB03B6511EAF782700954A00 /* Device.m */ = {isa = PBXFileReference; fileEncoding = 4; lastKnownFileType = sourcecode.c.objc; path = Device.m; sourceTree = "<group>"; };
		FB03B6531EAF785E00954A00 /* Hive.h */ = {isa = PBXFileReference; fileEncoding = 4; lastKnownFileType = sourcecode.c.h; path = Hive.h; sourceTree = "<group>"; };
		FB03B6541EAF785E00954A00 /* Hive.m */ = {isa = PBXFileReference; fileEncoding = 4; lastKnownFileType = sourcecode.c.objc; path = Hive.m; sourceTree = "<group>"; };
		FB03B6561EAF786800954A00 /* Apiary.h */ = {isa = PBXFileReference; fileEncoding = 4; lastKnownFileType = sourcecode.c.h; path = Apiary.h; sourceTree = "<group>"; };
		FB03B6571EAF786800954A00 /* Apiary.m */ = {isa = PBXFileReference; fileEncoding = 4; lastKnownFileType = sourcecode.c.objc; path = Apiary.m; sourceTree = "<group>"; };
		FB03B6591EAF78EB00954A00 /* CoreLocation.framework */ = {isa = PBXFileReference; lastKnownFileType = wrapper.framework; name = CoreLocation.framework; path = System/Library/Frameworks/CoreLocation.framework; sourceTree = SDKROOT; };
		FB03B65B1EAF80F600954A00 /* LocationMGR.h */ = {isa = PBXFileReference; fileEncoding = 4; lastKnownFileType = sourcecode.c.h; path = LocationMGR.h; sourceTree = "<group>"; };
		FB03B65C1EAF80F600954A00 /* LocationMGR.m */ = {isa = PBXFileReference; fileEncoding = 4; lastKnownFileType = sourcecode.c.objc; path = LocationMGR.m; sourceTree = "<group>"; };
		FB3B59EA1EAE5EAC00DFE11A /* HiveMon.app */ = {isa = PBXFileReference; explicitFileType = wrapper.application; includeInIndex = 0; path = HiveMon.app; sourceTree = BUILT_PRODUCTS_DIR; };
		FB3B59EE1EAE5EAC00DFE11A /* main.m */ = {isa = PBXFileReference; lastKnownFileType = sourcecode.c.objc; path = main.m; sourceTree = "<group>"; };
		FB3B59F01EAE5EAC00DFE11A /* AppDelegate.h */ = {isa = PBXFileReference; lastKnownFileType = sourcecode.c.h; path = AppDelegate.h; sourceTree = "<group>"; };
		FB3B59F11EAE5EAC00DFE11A /* AppDelegate.m */ = {isa = PBXFileReference; lastKnownFileType = sourcecode.c.objc; path = AppDelegate.m; sourceTree = "<group>"; };
		FB3B59F31EAE5EAC00DFE11A /* DevicesVC.h */ = {isa = PBXFileReference; lastKnownFileType = sourcecode.c.h; path = DevicesVC.h; sourceTree = "<group>"; };
		FB3B59F41EAE5EAC00DFE11A /* DevicesVC.m */ = {isa = PBXFileReference; lastKnownFileType = sourcecode.c.objc; path = DevicesVC.m; sourceTree = "<group>"; };
		FB3B59FC1EAE5EAC00DFE11A /* Assets.xcassets */ = {isa = PBXFileReference; lastKnownFileType = folder.assetcatalog; path = Assets.xcassets; sourceTree = "<group>"; };
		FB3B5A011EAE5EAD00DFE11A /* Info.plist */ = {isa = PBXFileReference; lastKnownFileType = text.plist.xml; path = Info.plist; sourceTree = "<group>"; };
		FB3B5A071EAE677000DFE11A /* Defines.h */ = {isa = PBXFileReference; lastKnownFileType = sourcecode.c.h; path = Defines.h; sourceTree = "<group>"; };
		FB3B5A081EAE706500DFE11A /* BlueToothMGR.h */ = {isa = PBXFileReference; fileEncoding = 4; lastKnownFileType = sourcecode.c.h; path = BlueToothMGR.h; sourceTree = "<group>"; };
		FB3B5A091EAE706500DFE11A /* BlueToothMGR.m */ = {isa = PBXFileReference; fileEncoding = 4; lastKnownFileType = sourcecode.c.objc; path = BlueToothMGR.m; sourceTree = "<group>"; };
		FB3B5A0C1EAE71E800DFE11A /* CoreBluetooth.framework */ = {isa = PBXFileReference; lastKnownFileType = wrapper.framework; name = CoreBluetooth.framework; path = System/Library/Frameworks/CoreBluetooth.framework; sourceTree = SDKROOT; };
		FB5CA04E1F35051C00AADEBD /* DeviceVC.h */ = {isa = PBXFileReference; fileEncoding = 4; lastKnownFileType = sourcecode.c.h; path = DeviceVC.h; sourceTree = "<group>"; };
		FB5CA04F1F35051C00AADEBD /* DeviceVC.m */ = {isa = PBXFileReference; fileEncoding = 4; lastKnownFileType = sourcecode.c.objc; path = DeviceVC.m; sourceTree = "<group>"; };
		FB7394721EB6353200B8D289 /* Log.h */ = {isa = PBXFileReference; fileEncoding = 4; lastKnownFileType = sourcecode.c.h; path = Log.h; sourceTree = "<group>"; };
		FB7394731EB6353200B8D289 /* Log.m */ = {isa = PBXFileReference; fileEncoding = 4; lastKnownFileType = sourcecode.c.objc; path = Log.m; sourceTree = "<group>"; };
		FB7394751EC09B1A00B8D289 /* UICircularProgressView.h */ = {isa = PBXFileReference; fileEncoding = 4; lastKnownFileType = sourcecode.c.h; path = UICircularProgressView.h; sourceTree = "<group>"; };
		FB7394761EC09B1A00B8D289 /* UICircularProgressView.m */ = {isa = PBXFileReference; fileEncoding = 4; lastKnownFileType = sourcecode.c.objc; path = UICircularProgressView.m; sourceTree = "<group>"; };
		FBA7A5A51EB0DBE900E78BDD /* Observation.h */ = {isa = PBXFileReference; fileEncoding = 4; lastKnownFileType = sourcecode.c.h; path = Observation.h; sourceTree = "<group>"; };
		FBA7A5A61EB0DBE900E78BDD /* Observation.m */ = {isa = PBXFileReference; fileEncoding = 4; lastKnownFileType = sourcecode.c.objc; path = Observation.m; sourceTree = "<group>"; };
		FBA7A5A81EB2296400E78BDD /* Export.h */ = {isa = PBXFileReference; fileEncoding = 4; lastKnownFileType = sourcecode.c.h; path = Export.h; sourceTree = "<group>"; };
		FBA7A5A91EB2296400E78BDD /* Export.m */ = {isa = PBXFileReference; fileEncoding = 4; lastKnownFileType = sourcecode.c.objc; path = Export.m; sourceTree = "<group>"; };
		FBA7A5AB1EB236FB00E78BDD /* SendMail.h */ = {isa = PBXFileReference; fileEncoding = 4; lastKnownFileType = sourcecode.c.h; path = SendMail.h; sourceTree = "<group>"; };
		FBA7A5AC1EB236FB00E78BDD /* SendMail.m */ = {isa = PBXFileReference; fileEncoding = 4; lastKnownFileType = sourcecode.c.objc; path = SendMail.m; sourceTree = "<group>"; };
/* End PBXFileReference section */

/* Begin PBXFrameworksBuildPhase section */
		FB3B59E71EAE5EAC00DFE11A /* Frameworks */ = {
			isa = PBXFrameworksBuildPhase;
			buildActionMask = 2147483647;
			files = (
				FB03B65A1EAF78EB00954A00 /* CoreLocation.framework in Frameworks */,
				FB3B5A0D1EAE71E800DFE11A /* CoreBluetooth.framework in Frameworks */,
			);
			runOnlyForDeploymentPostprocessing = 0;
		};
/* End PBXFrameworksBuildPhase section */

/* Begin PBXGroup section */
		FB3B59E11EAE5EAC00DFE11A = {
			isa = PBXGroup;
			children = (
				FB3B59EC1EAE5EAC00DFE11A /* HiveMon */,
				FB3B59EB1EAE5EAC00DFE11A /* Products */,
				FB3B5A0B1EAE71E800DFE11A /* Frameworks */,
			);
			sourceTree = "<group>";
		};
		FB3B59EB1EAE5EAC00DFE11A /* Products */ = {
			isa = PBXGroup;
			children = (
				FB3B59EA1EAE5EAC00DFE11A /* HiveMon.app */,
			);
			name = Products;
			sourceTree = "<group>";
		};
		FB3B59EC1EAE5EAC00DFE11A /* HiveMon */ = {
			isa = PBXGroup;
			children = (
				FB3B5A071EAE677000DFE11A /* Defines.h */,
				FB3B59F01EAE5EAC00DFE11A /* AppDelegate.h */,
				FB3B59F11EAE5EAC00DFE11A /* AppDelegate.m */,
				FB3B59F31EAE5EAC00DFE11A /* DevicesVC.h */,
				FB3B59F41EAE5EAC00DFE11A /* DevicesVC.m */,
				FB03B6501EAF782700954A00 /* Device.h */,
				FB03B6511EAF782700954A00 /* Device.m */,
				FB5CA04E1F35051C00AADEBD /* DeviceVC.h */,
				FB5CA04F1F35051C00AADEBD /* DeviceVC.m */,
				FB03B6531EAF785E00954A00 /* Hive.h */,
				FB03B6541EAF785E00954A00 /* Hive.m */,
				FB03B6561EAF786800954A00 /* Apiary.h */,
				FB03B6571EAF786800954A00 /* Apiary.m */,
				FB3B5A081EAE706500DFE11A /* BlueToothMGR.h */,
				FB3B5A091EAE706500DFE11A /* BlueToothMGR.m */,
				FB03B65B1EAF80F600954A00 /* LocationMGR.h */,
				FB03B65C1EAF80F600954A00 /* LocationMGR.m */,
				FBA7A5A51EB0DBE900E78BDD /* Observation.h */,
				FBA7A5A61EB0DBE900E78BDD /* Observation.m */,
				FB03B64D1EAEA81700954A00 /* BMData.h */,
				FB03B64E1EAEA81700954A00 /* BMData.m */,
				FBA7A5A81EB2296400E78BDD /* Export.h */,
				FBA7A5A91EB2296400E78BDD /* Export.m */,
				FB7394721EB6353200B8D289 /* Log.h */,
				FB7394731EB6353200B8D289 /* Log.m */,
				FBA7A5AB1EB236FB00E78BDD /* SendMail.h */,
				FBA7A5AC1EB236FB00E78BDD /* SendMail.m */,
				FB03B64A1EAE93F100954A00 /* OrderedDictionary.h */,
				FB03B64B1EAE93F100954A00 /* OrderedDictionary.m */,
				FB7394751EC09B1A00B8D289 /* UICircularProgressView.h */,
				FB7394761EC09B1A00B8D289 /* UICircularProgressView.m */,
				FB3B59ED1EAE5EAC00DFE11A /* Supporting Files */,
			);
			path = HiveMon;
			sourceTree = "<group>";
		};
		FB3B59ED1EAE5EAC00DFE11A /* Supporting Files */ = {
			isa = PBXGroup;
			children = (
				FB3B59FC1EAE5EAC00DFE11A /* Assets.xcassets */,
				FB3B5A011EAE5EAD00DFE11A /* Info.plist */,
				FB3B59EE1EAE5EAC00DFE11A /* main.m */,
			);
			name = "Supporting Files";
			sourceTree = "<group>";
		};
		FB3B5A0B1EAE71E800DFE11A /* Frameworks */ = {
			isa = PBXGroup;
			children = (
				FB03B6591EAF78EB00954A00 /* CoreLocation.framework */,
				FB3B5A0C1EAE71E800DFE11A /* CoreBluetooth.framework */,
			);
			name = Frameworks;
			sourceTree = "<group>";
		};
/* End PBXGroup section */

/* Begin PBXNativeTarget section */
		FB3B59E91EAE5EAC00DFE11A /* HiveMon */ = {
			isa = PBXNativeTarget;
			buildConfigurationList = FB3B5A041EAE5EAD00DFE11A /* Build configuration list for PBXNativeTarget "HiveMon" */;
			buildPhases = (
				FB3B59E61EAE5EAC00DFE11A /* Sources */,
				FB3B59E71EAE5EAC00DFE11A /* Frameworks */,
				FB3B59E81EAE5EAC00DFE11A /* Resources */,
			);
			buildRules = (
			);
			dependencies = (
			);
			name = HiveMon;
			productName = HiveMon;
			productReference = FB3B59EA1EAE5EAC00DFE11A /* HiveMon.app */;
			productType = "com.apple.product-type.application";
		};
/* End PBXNativeTarget section */

/* Begin PBXProject section */
		FB3B59E21EAE5EAC00DFE11A /* Project object */ = {
			isa = PBXProject;
			attributes = {
				LastUpgradeCheck = 0830;
				ORGANIZATIONNAME = Cheswick.com;
				TargetAttributes = {
					FB3B59E91EAE5EAC00DFE11A = {
						CreatedOnToolsVersion = 8.3.1;
						DevelopmentTeam = HK64XTSZFA;
						ProvisioningStyle = Automatic;
					};
				};
			};
			buildConfigurationList = FB3B59E51EAE5EAC00DFE11A /* Build configuration list for PBXProject "HiveMon" */;
			compatibilityVersion = "Xcode 3.2";
			developmentRegion = English;
			hasScannedForEncodings = 0;
			knownRegions = (
				en,
				Base,
			);
			mainGroup = FB3B59E11EAE5EAC00DFE11A;
			productRefGroup = FB3B59EB1EAE5EAC00DFE11A /* Products */;
			projectDirPath = "";
			projectRoot = "";
			targets = (
				FB3B59E91EAE5EAC00DFE11A /* HiveMon */,
			);
		};
/* End PBXProject section */

/* Begin PBXResourcesBuildPhase section */
		FB3B59E81EAE5EAC00DFE11A /* Resources */ = {
			isa = PBXResourcesBuildPhase;
			buildActionMask = 2147483647;
			files = (
				FB3B59FD1EAE5EAC00DFE11A /* Assets.xcassets in Resources */,
			);
			runOnlyForDeploymentPostprocessing = 0;
		};
/* End PBXResourcesBuildPhase section */

/* Begin PBXSourcesBuildPhase section */
		FB3B59E61EAE5EAC00DFE11A /* Sources */ = {
			isa = PBXSourcesBuildPhase;
			buildActionMask = 2147483647;
			files = (
				FBA7A5AD1EB236FB00E78BDD /* SendMail.m in Sources */,
				FB03B64F1EAEA81700954A00 /* BMData.m in Sources */,
				FB3B59F21EAE5EAC00DFE11A /* AppDelegate.m in Sources */,
				FB3B5A0A1EAE706500DFE11A /* BlueToothMGR.m in Sources */,
				FBA7A5A71EB0DBE900E78BDD /* Observation.m in Sources */,
				FB3B59F51EAE5EAC00DFE11A /* DevicesVC.m in Sources */,
				FB03B64C1EAE93F100954A00 /* OrderedDictionary.m in Sources */,
				FB03B65D1EAF80F600954A00 /* LocationMGR.m in Sources */,
				FB7394771EC09B1A00B8D289 /* UICircularProgressView.m in Sources */,
				FB03B6551EAF785E00954A00 /* Hive.m in Sources */,
				FB03B6521EAF782700954A00 /* Device.m in Sources */,
				FBA7A5AA1EB2296400E78BDD /* Export.m in Sources */,
				FB03B6581EAF786800954A00 /* Apiary.m in Sources */,
				FB3B59EF1EAE5EAC00DFE11A /* main.m in Sources */,
				FB5CA0501F35051C00AADEBD /* DeviceVC.m in Sources */,
				FB7394741EB6353200B8D289 /* Log.m in Sources */,
			);
			runOnlyForDeploymentPostprocessing = 0;
		};
/* End PBXSourcesBuildPhase section */

/* Begin XCBuildConfiguration section */
		FB3B5A021EAE5EAD00DFE11A /* Debug */ = {
			isa = XCBuildConfiguration;
			buildSettings = {
				ALWAYS_SEARCH_USER_PATHS = NO;
				CLANG_ANALYZER_NONNULL = YES;
				CLANG_ANALYZER_NUMBER_OBJECT_CONVERSION = YES_AGGRESSIVE;
				CLANG_CXX_LANGUAGE_STANDARD = "gnu++0x";
				CLANG_CXX_LIBRARY = "libc++";
				CLANG_ENABLE_MODULES = YES;
				CLANG_ENABLE_OBJC_ARC = YES;
				CLANG_WARN_BOOL_CONVERSION = YES;
				CLANG_WARN_CONSTANT_CONVERSION = YES;
				CLANG_WARN_DIRECT_OBJC_ISA_USAGE = YES_ERROR;
				CLANG_WARN_DOCUMENTATION_COMMENTS = YES;
				CLANG_WARN_EMPTY_BODY = YES;
				CLANG_WARN_ENUM_CONVERSION = YES;
				CLANG_WARN_INFINITE_RECURSION = YES;
				CLANG_WARN_INT_CONVERSION = YES;
				CLANG_WARN_OBJC_ROOT_CLASS = YES_ERROR;
				CLANG_WARN_SUSPICIOUS_MOVE = YES;
				CLANG_WARN_UNREACHABLE_CODE = YES;
				CLANG_WARN__DUPLICATE_METHOD_MATCH = YES;
				"CODE_SIGN_IDENTITY[sdk=iphoneos*]" = "iPhone Developer";
				COPY_PHASE_STRIP = NO;
				DEBUG_INFORMATION_FORMAT = dwarf;
				ENABLE_STRICT_OBJC_MSGSEND = YES;
				ENABLE_TESTABILITY = YES;
				GCC_C_LANGUAGE_STANDARD = gnu99;
				GCC_DYNAMIC_NO_PIC = NO;
				GCC_NO_COMMON_BLOCKS = YES;
				GCC_OPTIMIZATION_LEVEL = 0;
				GCC_PREPROCESSOR_DEFINITIONS = (
					"DEBUG=1",
					"$(inherited)",
				);
				GCC_WARN_64_TO_32_BIT_CONVERSION = YES;
				GCC_WARN_ABOUT_RETURN_TYPE = YES_ERROR;
				GCC_WARN_UNDECLARED_SELECTOR = YES;
				GCC_WARN_UNINITIALIZED_AUTOS = YES_AGGRESSIVE;
				GCC_WARN_UNUSED_FUNCTION = YES;
				GCC_WARN_UNUSED_VARIABLE = YES;
				IPHONEOS_DEPLOYMENT_TARGET = 9.3;
				MTL_ENABLE_DEBUG_INFO = YES;
				ONLY_ACTIVE_ARCH = YES;
				SDKROOT = iphoneos;
				TARGETED_DEVICE_FAMILY = "1,2";
			};
			name = Debug;
		};
		FB3B5A031EAE5EAD00DFE11A /* Release */ = {
			isa = XCBuildConfiguration;
			buildSettings = {
				ALWAYS_SEARCH_USER_PATHS = NO;
				CLANG_ANALYZER_NONNULL = YES;
				CLANG_ANALYZER_NUMBER_OBJECT_CONVERSION = YES_AGGRESSIVE;
				CLANG_CXX_LANGUAGE_STANDARD = "gnu++0x";
				CLANG_CXX_LIBRARY = "libc++";
				CLANG_ENABLE_MODULES = YES;
				CLANG_ENABLE_OBJC_ARC = YES;
				CLANG_WARN_BOOL_CONVERSION = YES;
				CLANG_WARN_CONSTANT_CONVERSION = YES;
				CLANG_WARN_DIRECT_OBJC_ISA_USAGE = YES_ERROR;
				CLANG_WARN_DOCUMENTATION_COMMENTS = YES;
				CLANG_WARN_EMPTY_BODY = YES;
				CLANG_WARN_ENUM_CONVERSION = YES;
				CLANG_WARN_INFINITE_RECURSION = YES;
				CLANG_WARN_INT_CONVERSION = YES;
				CLANG_WARN_OBJC_ROOT_CLASS = YES_ERROR;
				CLANG_WARN_SUSPICIOUS_MOVE = YES;
				CLANG_WARN_UNREACHABLE_CODE = YES;
				CLANG_WARN__DUPLICATE_METHOD_MATCH = YES;
				"CODE_SIGN_IDENTITY[sdk=iphoneos*]" = "iPhone Developer";
				COPY_PHASE_STRIP = NO;
				DEBUG_INFORMATION_FORMAT = "dwarf-with-dsym";
				ENABLE_NS_ASSERTIONS = NO;
				ENABLE_STRICT_OBJC_MSGSEND = YES;
				GCC_C_LANGUAGE_STANDARD = gnu99;
				GCC_NO_COMMON_BLOCKS = YES;
				GCC_WARN_64_TO_32_BIT_CONVERSION = YES;
				GCC_WARN_ABOUT_RETURN_TYPE = YES_ERROR;
				GCC_WARN_UNDECLARED_SELECTOR = YES;
				GCC_WARN_UNINITIALIZED_AUTOS = YES_AGGRESSIVE;
				GCC_WARN_UNUSED_FUNCTION = YES;
				GCC_WARN_UNUSED_VARIABLE = YES;
				IPHONEOS_DEPLOYMENT_TARGET = 9.3;
				MTL_ENABLE_DEBUG_INFO = NO;
				SDKROOT = iphoneos;
				TARGETED_DEVICE_FAMILY = "1,2";
				VALIDATE_PRODUCT = YES;
			};
			name = Release;
		};
		FB3B5A051EAE5EAD00DFE11A /* Debug */ = {
			isa = XCBuildConfiguration;
			buildSettings = {
				ASSETCATALOG_COMPILER_APPICON_NAME = AppIcon;
				DEVELOPMENT_TEAM = HK64XTSZFA;
				INFOPLIST_FILE = HiveMon/Info.plist;
				IPHONEOS_DEPLOYMENT_TARGET = 9.3;
				LD_RUNPATH_SEARCH_PATHS = "$(inherited) @executable_path/Frameworks";
				PRODUCT_BUNDLE_IDENTIFIER = com.cheswick.HiveMon;
				PRODUCT_NAME = "$(TARGET_NAME)";
			};
			name = Debug;
		};
		FB3B5A061EAE5EAD00DFE11A /* Release */ = {
			isa = XCBuildConfiguration;
			buildSettings = {
				ASSETCATALOG_COMPILER_APPICON_NAME = AppIcon;
				DEVELOPMENT_TEAM = HK64XTSZFA;
				INFOPLIST_FILE = HiveMon/Info.plist;
				IPHONEOS_DEPLOYMENT_TARGET = 9.3;
				LD_RUNPATH_SEARCH_PATHS = "$(inherited) @executable_path/Frameworks";
				PRODUCT_BUNDLE_IDENTIFIER = com.cheswick.HiveMon;
				PRODUCT_NAME = "$(TARGET_NAME)";
			};
			name = Release;
		};
/* End XCBuildConfiguration section */

/* Begin XCConfigurationList section */
		FB3B59E51EAE5EAC00DFE11A /* Build configuration list for PBXProject "HiveMon" */ = {
			isa = XCConfigurationList;
			buildConfigurations = (
				FB3B5A021EAE5EAD00DFE11A /* Debug */,
				FB3B5A031EAE5EAD00DFE11A /* Release */,
			);
			defaultConfigurationIsVisible = 0;
			defaultConfigurationName = Release;
		};
		FB3B5A041EAE5EAD00DFE11A /* Build configuration list for PBXNativeTarget "HiveMon" */ = {
			isa = XCConfigurationList;
			buildConfigurations = (
				FB3B5A051EAE5EAD00DFE11A /* Debug */,
				FB3B5A061EAE5EAD00DFE11A /* Release */,
			);
			defaultConfigurationIsVisible = 0;
			defaultConfigurationName = Release;
		};
/* End XCConfigurationList section */
	};
	rootObject = FB3B59E21EAE5EAC00DFE11A /* Project object */;
}
